
Microsoft Visual Studio Solution File, Format Version 12.00
# Visual Studio Version 17
VisualStudioVersion = 17.7.34221.43
MinimumVisualStudioVersion = 10.0.40219.1
Project("{9A19103F-16F7-4668-BE54-9A1E7A4F7556}") = "MqService", "MqService.csproj", "{DCE872E0-A079-4F04-BD7B-4ED2359EC48E}"
EndProject
Global
	GlobalSection(SolutionConfigurationPlatforms) = preSolution
		Debug|Any CPU = Debug|Any CPU
		Release|Any CPU = Release|Any CPU
	EndGlobalSection
	GlobalSection(ProjectConfigurationPlatforms) = postSolution
		{DCE872E0-A079-4F04-BD7B-4ED2359EC48E}.Debug|Any CPU.ActiveCfg = Debug|Any CPU
		{DCE872E0-A079-4F04-BD7B-4ED2359EC48E}.Debug|Any CPU.Build.0 = Debug|Any CPU
		{DCE872E0-A079-4F04-BD7B-4ED2359EC48E}.Release|Any CPU.ActiveCfg = Release|Any CPU
		{DCE872E0-A079-4F04-BD7B-4ED2359EC48E}.Release|Any CPU.Build.0 = Release|Any CPU
	EndGlobalSection
	GlobalSection(SolutionProperties) = preSolution
		HideSolutionNode = FALSE
	EndGlobalSection
	GlobalSection(ExtensibilityGlobals) = postSolution
		SolutionGuid = {11E82C0D-6241-4186-AEDB-317920C18485}
	EndGlobalSection
EndGlobal
